// !$*UTF8*$!
{
	archiveVersion = 1;
	classes = {
	};
	objectVersion = 46;
	objects = {

/* Begin PBXBuildFile section */
		D04D7B271DCE7AF9006F30A7 /* main.m in Sources */ = {isa = PBXBuildFile; fileRef = D04D7B261DCE7AF9006F30A7 /* main.m */; };
		D04D7B2A1DCE7AFA006F30A7 /* AppDelegate.m in Sources */ = {isa = PBXBuildFile; fileRef = D04D7B291DCE7AFA006F30A7 /* AppDelegate.m */; };
		D04D7B2D1DCE7AFA006F30A7 /* ViewController.m in Sources */ = {isa = PBXBuildFile; fileRef = D04D7B2C1DCE7AFA006F30A7 /* ViewController.m */; };
		D04D7B301DCE7AFA006F30A7 /* Main.storyboard in Resources */ = {isa = PBXBuildFile; fileRef = D04D7B2E1DCE7AFA006F30A7 /* Main.storyboard */; };
		D04D7B321DCE7AFB006F30A7 /* Assets.xcassets in Resources */ = {isa = PBXBuildFile; fileRef = D04D7B311DCE7AFB006F30A7 /* Assets.xcassets */; };
		D04D7B351DCE7AFB006F30A7 /* LaunchScreen.storyboard in Resources */ = {isa = PBXBuildFile; fileRef = D04D7B331DCE7AFB006F30A7 /* LaunchScreen.storyboard */; };
/* End PBXBuildFile section */

/* Begin PBXFileReference section */
		D04D7B221DCE7AF8006F30A7 /* iOS_trainee_Cleveroad.app */ = {isa = PBXFileReference; explicitFileType = wrapper.application; includeInIndex = 0; path = iOS_trainee_Cleveroad.app; sourceTree = BUILT_PRODUCTS_DIR; };
		D04D7B261DCE7AF9006F30A7 /* main.m */ = {isa = PBXFileReference; lastKnownFileType = sourcecode.c.objc; path = main.m; sourceTree = "<group>"; };
		D04D7B281DCE7AF9006F30A7 /* AppDelegate.h */ = {isa = PBXFileReference; lastKnownFileType = sourcecode.c.h; path = AppDelegate.h; sourceTree = "<group>"; };
		D04D7B291DCE7AFA006F30A7 /* AppDelegate.m */ = {isa = PBXFileReference; lastKnownFileType = sourcecode.c.objc; path = AppDelegate.m; sourceTree = "<group>"; };
		D04D7B2B1DCE7AFA006F30A7 /* ViewController.h */ = {isa = PBXFileReference; lastKnownFileType = sourcecode.c.h; path = ViewController.h; sourceTree = "<group>"; };
		D04D7B2C1DCE7AFA006F30A7 /* ViewController.m */ = {isa = PBXFileReference; lastKnownFileType = sourcecode.c.objc; path = ViewController.m; sourceTree = "<group>"; };
		D04D7B2F1DCE7AFA006F30A7 /* Base */ = {isa = PBXFileReference; lastKnownFileType = file.storyboard; name = Base; path = Base.lproj/Main.storyboard; sourceTree = "<group>"; };
		D04D7B311DCE7AFB006F30A7 /* Assets.xcassets */ = {isa = PBXFileReference; lastKnownFileType = folder.assetcatalog; path = Assets.xcassets; sourceTree = "<group>"; };
		D04D7B341DCE7AFB006F30A7 /* Base */ = {isa = PBXFileReference; lastKnownFileType = file.storyboard; name = Base; path = Base.lproj/LaunchScreen.storyboard; sourceTree = "<group>"; };
		D04D7B361DCE7AFB006F30A7 /* Info.plist */ = {isa = PBXFileReference; lastKnownFileType = text.plist.xml; path = Info.plist; sourceTree = "<group>"; };
/* End PBXFileReference section */

/* Begin PBXFrameworksBuildPhase section */
		D04D7B1F1DCE7AF8006F30A7 /* Frameworks */ = {
			isa = PBXFrameworksBuildPhase;
			buildActionMask = 2147483647;
			files = (
			);
			runOnlyForDeploymentPostprocessing = 0;
		};
/* End PBXFrameworksBuildPhase section */

/* Begin PBXGroup section */
		D04D7B191DCE7AF8006F30A7 = {
			isa = PBXGroup;
			children = (
				D04D7B241DCE7AF8006F30A7 /* iOS_trainee_Cleveroad */,
				D04D7B231DCE7AF8006F30A7 /* Products */,
			);
			sourceTree = "<group>";
		};
		D04D7B231DCE7AF8006F30A7 /* Products */ = {
			isa = PBXGroup;
			children = (
				D04D7B221DCE7AF8006F30A7 /* iOS_trainee_Cleveroad.app */,
			);
			name = Products;
			sourceTree = "<group>";
		};
		D04D7B241DCE7AF8006F30A7 /* iOS_trainee_Cleveroad */ = {
			isa = PBXGroup;
			children = (
				D04D7B281DCE7AF9006F30A7 /* AppDelegate.h */,
				D04D7B291DCE7AFA006F30A7 /* AppDelegate.m */,
				D04D7B2B1DCE7AFA006F30A7 /* ViewController.h */,
				D04D7B2C1DCE7AFA006F30A7 /* ViewController.m */,
				D04D7B2E1DCE7AFA006F30A7 /* Main.storyboard */,
				D04D7B311DCE7AFB006F30A7 /* Assets.xcassets */,
				D04D7B331DCE7AFB006F30A7 /* LaunchScreen.storyboard */,
				D04D7B361DCE7AFB006F30A7 /* Info.plist */,
				D04D7B251DCE7AF9006F30A7 /* Supporting Files */,
			);
			path = iOS_trainee_Cleveroad;
			sourceTree = "<group>";
		};
		D04D7B251DCE7AF9006F30A7 /* Supporting Files */ = {
			isa = PBXGroup;
			children = (
				D04D7B261DCE7AF9006F30A7 /* main.m */,
			);
			name = "Supporting Files";
			sourceTree = "<group>";
		};
/* End PBXGroup section */

/* Begin PBXNativeTarget section */
		D04D7B211DCE7AF8006F30A7 /* iOS_trainee_Cleveroad */ = {
			isa = PBXNativeTarget;
			buildConfigurationList = D04D7B391DCE7AFB006F30A7 /* Build configuration list for PBXNativeTarget "iOS_trainee_Cleveroad" */;
			buildPhases = (
				D04D7B1E1DCE7AF8006F30A7 /* Sources */,
				D04D7B1F1DCE7AF8006F30A7 /* Frameworks */,
				D04D7B201DCE7AF8006F30A7 /* Resources */,
			);
			buildRules = (
			);
			dependencies = (
			);
			name = iOS_trainee_Cleveroad;
			productName = iOS_trainee_Cleveroad;
			productReference = D04D7B221DCE7AF8006F30A7 /* iOS_trainee_Cleveroad.app */;
			productType = "com.apple.product-type.application";
		};
/* End PBXNativeTarget section */

/* Begin PBXProject section */
		D04D7B1A1DCE7AF8006F30A7 /* Project object */ = {
			isa = PBXProject;
			attributes = {
				LastUpgradeCheck = 0810;
				ORGANIZATIONNAME = "Ivashin Dmitry";
				TargetAttributes = {
					D04D7B211DCE7AF8006F30A7 = {
						CreatedOnToolsVersion = 8.1;
						ProvisioningStyle = Automatic;
					};
				};
			};
			buildConfigurationList = D04D7B1D1DCE7AF8006F30A7 /* Build configuration list for PBXProject "iOS_trainee_Cleveroad" */;
			compatibilityVersion = "Xcode 3.2";
			developmentRegion = English;
			hasScannedForEncodings = 0;
			knownRegions = (
				en,
				Base,
			);
			mainGroup = D04D7B191DCE7AF8006F30A7;
			productRefGroup = D04D7B231DCE7AF8006F30A7 /* Products */;
			projectDirPath = "";
			projectRoot = "";
			targets = (
				D04D7B211DCE7AF8006F30A7 /* iOS_trainee_Cleveroad */,
			);
		};
/* End PBXProject section */

/* Begin PBXResourcesBuildPhase section */
		D04D7B201DCE7AF8006F30A7 /* Resources */ = {
			isa = PBXResourcesBuildPhase;
			buildActionMask = 2147483647;
			files = (
				D04D7B351DCE7AFB006F30A7 /* LaunchScreen.storyboard in Resources */,
				D04D7B321DCE7AFB006F30A7 /* Assets.xcassets in Resources */,
				D04D7B301DCE7AFA006F30A7 /* Main.storyboard in Resources */,
			);
			runOnlyForDeploymentPostprocessing = 0;
		};
/* End PBXResourcesBuildPhase section */

/* Begin PBXSourcesBuildPhase section */
		D04D7B1E1DCE7AF8006F30A7 /* Sources */ = {
			isa = PBXSourcesBuildPhase;
			buildActionMask = 2147483647;
			files = (
				D04D7B2D1DCE7AFA006F30A7 /* ViewController.m in Sources */,
				D04D7B2A1DCE7AFA006F30A7 /* AppDelegate.m in Sources */,
				D04D7B271DCE7AF9006F30A7 /* main.m in Sources */,
			);
			runOnlyForDeploymentPostprocessing = 0;
		};
/* End PBXSourcesBuildPhase section */

/* Begin PBXVariantGroup section */
		D04D7B2E1DCE7AFA006F30A7 /* Main.storyboard */ = {
			isa = PBXVariantGroup;
			children = (
				D04D7B2F1DCE7AFA006F30A7 /* Base */,
			);
			name = Main.storyboard;
			sourceTree = "<group>";
		};
		D04D7B331DCE7AFB006F30A7 /* LaunchScreen.storyboard */ = {
			isa = PBXVariantGroup;
			children = (
				D04D7B341DCE7AFB006F30A7 /* Base */,
			);
			name = LaunchScreen.storyboard;
			sourceTree = "<group>";
		};
/* End PBXVariantGroup section */

/* Begin XCBuildConfiguration section */
		D04D7B371DCE7AFB006F30A7 /* Debug */ = {
			isa = XCBuildConfiguration;
			buildSettings = {
				ALWAYS_SEARCH_USER_PATHS = NO;
				CLANG_ANALYZER_NONNULL = YES;
				CLANG_CXX_LANGUAGE_STANDARD = "gnu++0x";
				CLANG_CXX_LIBRARY = "libc++";
				CLANG_ENABLE_MODULES = YES;
				CLANG_ENABLE_OBJC_ARC = YES;
				CLANG_WARN_BOOL_CONVERSION = YES;
				CLANG_WARN_CONSTANT_CONVERSION = YES;
				CLANG_WARN_DIRECT_OBJC_ISA_USAGE = YES_ERROR;
				CLANG_WARN_DOCUMENTATION_COMMENTS = YES;
				CLANG_WARN_EMPTY_BODY = YES;
				CLANG_WARN_ENUM_CONVERSION = YES;
				CLANG_WARN_INFINITE_RECURSION = YES;
				CLANG_WARN_INT_CONVERSION = YES;
				CLANG_WARN_OBJC_ROOT_CLASS = YES_ERROR;
				CLANG_WARN_SUSPICIOUS_MOVES = YES;
				CLANG_WARN_UNREACHABLE_CODE = YES;
				CLANG_WARN__DUPLICATE_METHOD_MATCH = YES;
				"CODE_SIGN_IDENTITY[sdk=iphoneos*]" = "iPhone Developer";
				COPY_PHASE_STRIP = NO;
				DEBUG_INFORMATION_FORMAT = dwarf;
				ENABLE_STRICT_OBJC_MSGSEND = YES;
				ENABLE_TESTABILITY = YES;
				GCC_C_LANGUAGE_STANDARD = gnu99;
				GCC_DYNAMIC_NO_PIC = NO;
				GCC_NO_COMMON_BLOCKS = YES;
				GCC_OPTIMIZATION_LEVEL = 0;
				GCC_PREPROCESSOR_DEFINITIONS = (
					"DEBUG=1",
					"$(inherited)",
				);
				GCC_WARN_64_TO_32_BIT_CONVERSION = YES;
				GCC_WARN_ABOUT_RETURN_TYPE = YES_ERROR;
				GCC_WARN_UNDECLARED_SELECTOR = YES;
				GCC_WARN_UNINITIALIZED_AUTOS = YES_AGGRESSIVE;
				GCC_WARN_UNUSED_FUNCTION = YES;
				GCC_WARN_UNUSED_VARIABLE = YES;
				IPHONEOS_DEPLOYMENT_TARGET = 10.1;
				MTL_ENABLE_DEBUG_INFO = YES;
				ONLY_ACTIVE_ARCH = YES;
				SDKROOT = iphoneos;
			};
			name = Debug;
		};
		D04D7B381DCE7AFB006F30A7 /* Release */ = {
			isa = XCBuildConfiguration;
			buildSettings = {
				ALWAYS_SEARCH_USER_PATHS = NO;
				CLANG_ANALYZER_NONNULL = YES;
				CLANG_CXX_LANGUAGE_STANDARD = "gnu++0x";
				CLANG_CXX_LIBRARY = "libc++";
				CLANG_ENABLE_MODULES = YES;
				CLANG_ENABLE_OBJC_ARC = YES;
				CLANG_WARN_BOOL_CONVERSION = YES;
				CLANG_WARN_CONSTANT_CONVERSION = YES;
				CLANG_WARN_DIRECT_OBJC_ISA_USAGE = YES_ERROR;
				CLANG_WARN_DOCUMENTATION_COMMENTS = YES;
				CLANG_WARN_EMPTY_BODY = YES;
				CLANG_WARN_ENUM_CONVERSION = YES;
				CLANG_WARN_INFINITE_RECURSION = YES;
				CLANG_WARN_INT_CONVERSION = YES;
				CLANG_WARN_OBJC_ROOT_CLASS = YES_ERROR;
				CLANG_WARN_SUSPICIOUS_MOVES = YES;
				CLANG_WARN_UNREACHABLE_CODE = YES;
				CLANG_WARN__DUPLICATE_METHOD_MATCH = YES;
				"CODE_SIGN_IDENTITY[sdk=iphoneos*]" = "iPhone Developer";
				COPY_PHASE_STRIP = NO;
				DEBUG_INFORMATION_FORMAT = "dwarf-with-dsym";
				ENABLE_NS_ASSERTIONS = NO;
				ENABLE_STRICT_OBJC_MSGSEND = YES;
				GCC_C_LANGUAGE_STANDARD = gnu99;
				GCC_NO_COMMON_BLOCKS = YES;
				GCC_WARN_64_TO_32_BIT_CONVERSION = YES;
				GCC_WARN_ABOUT_RETURN_TYPE = YES_ERROR;
				GCC_WARN_UNDECLARED_SELECTOR = YES;
				GCC_WARN_UNINITIALIZED_AUTOS = YES_AGGRESSIVE;
				GCC_WARN_UNUSED_FUNCTION = YES;
				GCC_WARN_UNUSED_VARIABLE = YES;
				IPHONEOS_DEPLOYMENT_TARGET = 10.1;
				MTL_ENABLE_DEBUG_INFO = NO;
				SDKROOT = iphoneos;
				VALIDATE_PRODUCT = YES;
			};
			name = Release;
		};
		D04D7B3A1DCE7AFB006F30A7 /* Debug */ = {
			isa = XCBuildConfiguration;
			buildSettings = {
				ASSETCATALOG_COMPILER_APPICON_NAME = AppIcon;
				INFOPLIST_FILE = iOS_trainee_Cleveroad/Info.plist;
				LD_RUNPATH_SEARCH_PATHS = "$(inherited) @executable_path/Frameworks";
				PRODUCT_BUNDLE_IDENTIFIER = "MyCompany.iOS-trainee-Cleveroad";
				PRODUCT_NAME = "$(TARGET_NAME)";
			};
			name = Debug;
		};
		D04D7B3B1DCE7AFB006F30A7 /* Release */ = {
			isa = XCBuildConfiguration;
			buildSettings = {
				ASSETCATALOG_COMPILER_APPICON_NAME = AppIcon;
				INFOPLIST_FILE = iOS_trainee_Cleveroad/Info.plist;
				LD_RUNPATH_SEARCH_PATHS = "$(inherited) @executable_path/Frameworks";
				PRODUCT_BUNDLE_IDENTIFIER = "MyCompany.iOS-trainee-Cleveroad";
				PRODUCT_NAME = "$(TARGET_NAME)";
			};
			name = Release;
		};
/* End XCBuildConfiguration section */

/* Begin XCConfigurationList section */
		D04D7B1D1DCE7AF8006F30A7 /* Build configuration list for PBXProject "iOS_trainee_Cleveroad" */ = {
			isa = XCConfigurationList;
			buildConfigurations = (
				D04D7B371DCE7AFB006F30A7 /* Debug */,
				D04D7B381DCE7AFB006F30A7 /* Release */,
			);
			defaultConfigurationIsVisible = 0;
			defaultConfigurationName = Release;
		};
		D04D7B391DCE7AFB006F30A7 /* Build configuration list for PBXNativeTarget "iOS_trainee_Cleveroad" */ = {
			isa = XCConfigurationList;
			buildConfigurations = (
				D04D7B3A1DCE7AFB006F30A7 /* Debug */,
				D04D7B3B1DCE7AFB006F30A7 /* Release */,
			);
			defaultConfigurationIsVisible = 0;
		};
/* End XCConfigurationList section */
	};
	rootObject = D04D7B1A1DCE7AF8006F30A7 /* Project object */;
}
